
Microsoft Visual Studio Solution File, Format Version 12.00
# Visual Studio Version 17
VisualStudioVersion = 17.10.35122.118
MinimumVisualStudioVersion = 10.0.40219.1
Project("{FAE04EC0-301F-11D3-BF4B-00C04F79EFBC}") = "MOVIES_PROJ", "MOVIES_PROJ\MOVIES_PROJ.csproj", "{E54D3156-53B5-42B6-A12B-E3E49A5C6EDD}"
EndProject
Global
	GlobalSection(SolutionConfigurationPlatforms) = preSolution
		Debug|Any CPU = Debug|Any CPU
		Release|Any CPU = Release|Any CPU
	EndGlobalSection
	GlobalSection(ProjectConfigurationPlatforms) = postSolution
		{E54D3156-53B5-42B6-A12B-E3E49A5C6EDD}.Debug|Any CPU.ActiveCfg = Debug|Any CPU
		{E54D3156-53B5-42B6-A12B-E3E49A5C6EDD}.Debug|Any CPU.Build.0 = Debug|Any CPU
		{E54D3156-53B5-42B6-A12B-E3E49A5C6EDD}.Release|Any CPU.ActiveCfg = Release|Any CPU
		{E54D3156-53B5-42B6-A12B-E3E49A5C6EDD}.Release|Any CPU.Build.0 = Release|Any CPU
	EndGlobalSection
	GlobalSection(SolutionProperties) = preSolution
		HideSolutionNode = FALSE
	EndGlobalSection
	GlobalSection(ExtensibilityGlobals) = postSolution
		SolutionGuid = {63E8A70A-30E7-42BC-A8E3-722977B88EAF}
	EndGlobalSection
EndGlobal
